// !$*UTF8*$!
{
	archiveVersion = 1;
	classes = {
	};
	objectVersion = 46;
	objects = {

/* Begin PBXBuildFile section */
		484C43A1183ED8870045B399 /* Foundation.framework in Frameworks */ = {isa = PBXBuildFile; fileRef = 484C43A0183ED8870045B399 /* Foundation.framework */; };
		484C43A3183ED8870045B399 /* CoreGraphics.framework in Frameworks */ = {isa = PBXBuildFile; fileRef = 484C43A2183ED8870045B399 /* CoreGraphics.framework */; };
		484C43A5183ED8870045B399 /* UIKit.framework in Frameworks */ = {isa = PBXBuildFile; fileRef = 484C43A4183ED8870045B399 /* UIKit.framework */; };
		484C43A7183ED8870045B399 /* GLKit.framework in Frameworks */ = {isa = PBXBuildFile; fileRef = 484C43A6183ED8870045B399 /* GLKit.framework */; };
		484C43A9183ED8870045B399 /* OpenGLES.framework in Frameworks */ = {isa = PBXBuildFile; fileRef = 484C43A8183ED8870045B399 /* OpenGLES.framework */; };
		484C43AF183ED8870045B399 /* InfoPlist.strings in Resources */ = {isa = PBXBuildFile; fileRef = 484C43AD183ED8870045B399 /* InfoPlist.strings */; };
		484C43B1183ED8870045B399 /* main.m in Sources */ = {isa = PBXBuildFile; fileRef = 484C43B0183ED8870045B399 /* main.m */; };
		484C43B5183ED8870045B399 /* MHAppDelegate.m in Sources */ = {isa = PBXBuildFile; fileRef = 484C43B4183ED8870045B399 /* MHAppDelegate.m */; };
		484C43B8183ED8870045B399 /* Main_iPhone.storyboard in Resources */ = {isa = PBXBuildFile; fileRef = 484C43B6183ED8870045B399 /* Main_iPhone.storyboard */; };
		484C43BB183ED8870045B399 /* Main_iPad.storyboard in Resources */ = {isa = PBXBuildFile; fileRef = 484C43B9183ED8870045B399 /* Main_iPad.storyboard */; };
		484C43BD183ED8870045B399 /* Shader.fsh in Resources */ = {isa = PBXBuildFile; fileRef = 484C43BC183ED8870045B399 /* Shader.fsh */; };
		484C43BF183ED8870045B399 /* Shader.vsh in Resources */ = {isa = PBXBuildFile; fileRef = 484C43BE183ED8870045B399 /* Shader.vsh */; };
		484C43C2183ED8870045B399 /* MHViewController.mm in Sources */ = {isa = PBXBuildFile; fileRef = 484C43C1183ED8870045B399 /* MHViewController.mm */; };
		484C43C4183ED8870045B399 /* Images.xcassets in Resources */ = {isa = PBXBuildFile; fileRef = 484C43C3183ED8870045B399 /* Images.xcassets */; };
		484C43CB183ED8870045B399 /* XCTest.framework in Frameworks */ = {isa = PBXBuildFile; fileRef = 484C43CA183ED8870045B399 /* XCTest.framework */; };
		484C43CC183ED8870045B399 /* Foundation.framework in Frameworks */ = {isa = PBXBuildFile; fileRef = 484C43A0183ED8870045B399 /* Foundation.framework */; };
		484C43CD183ED8870045B399 /* UIKit.framework in Frameworks */ = {isa = PBXBuildFile; fileRef = 484C43A4183ED8870045B399 /* UIKit.framework */; };
		484C43D5183ED8880045B399 /* InfoPlist.strings in Resources */ = {isa = PBXBuildFile; fileRef = 484C43D3183ED8880045B399 /* InfoPlist.strings */; };
		484C43D7183ED8880045B399 /* WuXingTests.m in Sources */ = {isa = PBXBuildFile; fileRef = 484C43D6183ED8880045B399 /* WuXingTests.m */; };
		484C43E2183EDC2B0045B399 /* MHTexture.cpp in Sources */ = {isa = PBXBuildFile; fileRef = 484C43E0183EDC2B0045B399 /* MHTexture.cpp */; };
		484C43E5183EDCD80045B399 /* MHTexture+iOS.mm in Sources */ = {isa = PBXBuildFile; fileRef = 484C43E4183EDCD80045B399 /* MHTexture+iOS.mm */; };
		484C43E8183EE77A0045B399 /* texture1.png in Resources */ = {isa = PBXBuildFile; fileRef = 484C43E7183EE77A0045B399 /* texture1.png */; };
		485583E1184472BB0018F9CF /* common.mm in Sources */ = {isa = PBXBuildFile; fileRef = 485583E0184472BB0018F9CF /* common.mm */; };
		485583E418447D080018F9CF /* EAGLView.m in Sources */ = {isa = PBXBuildFile; fileRef = 485583E318447D080018F9CF /* EAGLView.m */; };
		485583E61844904A0018F9CF /* QuartzCore.framework in Frameworks */ = {isa = PBXBuildFile; fileRef = 485583E51844904A0018F9CF /* QuartzCore.framework */; };
/* End PBXBuildFile section */

/* Begin PBXContainerItemProxy section */
		484C43CE183ED8870045B399 /* PBXContainerItemProxy */ = {
			isa = PBXContainerItemProxy;
			containerPortal = 484C4395183ED8870045B399 /* Project object */;
			proxyType = 1;
			remoteGlobalIDString = 484C439C183ED8870045B399;
			remoteInfo = WuXing;
		};
/* End PBXContainerItemProxy section */

/* Begin PBXFileReference section */
		484C439D183ED8870045B399 /* WuXing.app */ = {isa = PBXFileReference; explicitFileType = wrapper.application; includeInIndex = 0; path = WuXing.app; sourceTree = BUILT_PRODUCTS_DIR; };
		484C43A0183ED8870045B399 /* Foundation.framework */ = {isa = PBXFileReference; lastKnownFileType = wrapper.framework; name = Foundation.framework; path = System/Library/Frameworks/Foundation.framework; sourceTree = SDKROOT; };
		484C43A2183ED8870045B399 /* CoreGraphics.framework */ = {isa = PBXFileReference; lastKnownFileType = wrapper.framework; name = CoreGraphics.framework; path = System/Library/Frameworks/CoreGraphics.framework; sourceTree = SDKROOT; };
		484C43A4183ED8870045B399 /* UIKit.framework */ = {isa = PBXFileReference; lastKnownFileType = wrapper.framework; name = UIKit.framework; path = System/Library/Frameworks/UIKit.framework; sourceTree = SDKROOT; };
		484C43A6183ED8870045B399 /* GLKit.framework */ = {isa = PBXFileReference; lastKnownFileType = wrapper.framework; name = GLKit.framework; path = System/Library/Frameworks/GLKit.framework; sourceTree = SDKROOT; };
		484C43A8183ED8870045B399 /* OpenGLES.framework */ = {isa = PBXFileReference; lastKnownFileType = wrapper.framework; name = OpenGLES.framework; path = System/Library/Frameworks/OpenGLES.framework; sourceTree = SDKROOT; };
		484C43AC183ED8870045B399 /* WuXing-Info.plist */ = {isa = PBXFileReference; lastKnownFileType = text.plist.xml; path = "WuXing-Info.plist"; sourceTree = "<group>"; };
		484C43AE183ED8870045B399 /* en */ = {isa = PBXFileReference; lastKnownFileType = text.plist.strings; name = en; path = en.lproj/InfoPlist.strings; sourceTree = "<group>"; };
		484C43B0183ED8870045B399 /* main.m */ = {isa = PBXFileReference; lastKnownFileType = sourcecode.c.objc; path = main.m; sourceTree = "<group>"; };
		484C43B2183ED8870045B399 /* WuXing-Prefix.pch */ = {isa = PBXFileReference; lastKnownFileType = sourcecode.c.h; path = "WuXing-Prefix.pch"; sourceTree = "<group>"; };
		484C43B3183ED8870045B399 /* MHAppDelegate.h */ = {isa = PBXFileReference; lastKnownFileType = sourcecode.c.h; path = MHAppDelegate.h; sourceTree = "<group>"; };
		484C43B4183ED8870045B399 /* MHAppDelegate.m */ = {isa = PBXFileReference; lastKnownFileType = sourcecode.c.objc; path = MHAppDelegate.m; sourceTree = "<group>"; };
		484C43B7183ED8870045B399 /* Base */ = {isa = PBXFileReference; lastKnownFileType = file.storyboard; name = Base; path = Base.lproj/Main_iPhone.storyboard; sourceTree = "<group>"; };
		484C43BA183ED8870045B399 /* Base */ = {isa = PBXFileReference; lastKnownFileType = file.storyboard; name = Base; path = Base.lproj/Main_iPad.storyboard; sourceTree = "<group>"; };
		484C43BC183ED8870045B399 /* Shader.fsh */ = {isa = PBXFileReference; lastKnownFileType = sourcecode.glsl; name = Shader.fsh; path = Shaders/Shader.fsh; sourceTree = "<group>"; };
		484C43BE183ED8870045B399 /* Shader.vsh */ = {isa = PBXFileReference; lastKnownFileType = sourcecode.glsl; name = Shader.vsh; path = Shaders/Shader.vsh; sourceTree = "<group>"; };
		484C43C0183ED8870045B399 /* MHViewController.h */ = {isa = PBXFileReference; lastKnownFileType = sourcecode.c.h; path = MHViewController.h; sourceTree = "<group>"; };
		484C43C1183ED8870045B399 /* MHViewController.mm */ = {isa = PBXFileReference; lastKnownFileType = sourcecode.cpp.objcpp; path = MHViewController.mm; sourceTree = "<group>"; };
		484C43C3183ED8870045B399 /* Images.xcassets */ = {isa = PBXFileReference; lastKnownFileType = folder.assetcatalog; path = Images.xcassets; sourceTree = "<group>"; };
		484C43C9183ED8870045B399 /* WuXingTests.xctest */ = {isa = PBXFileReference; explicitFileType = wrapper.cfbundle; includeInIndex = 0; path = WuXingTests.xctest; sourceTree = BUILT_PRODUCTS_DIR; };
		484C43CA183ED8870045B399 /* XCTest.framework */ = {isa = PBXFileReference; lastKnownFileType = wrapper.framework; name = XCTest.framework; path = Library/Frameworks/XCTest.framework; sourceTree = DEVELOPER_DIR; };
		484C43D2183ED8880045B399 /* WuXingTests-Info.plist */ = {isa = PBXFileReference; lastKnownFileType = text.plist.xml; path = "WuXingTests-Info.plist"; sourceTree = "<group>"; };
		484C43D4183ED8880045B399 /* en */ = {isa = PBXFileReference; lastKnownFileType = text.plist.strings; name = en; path = en.lproj/InfoPlist.strings; sourceTree = "<group>"; };
		484C43D6183ED8880045B399 /* WuXingTests.m */ = {isa = PBXFileReference; lastKnownFileType = sourcecode.c.objc; path = WuXingTests.m; sourceTree = "<group>"; };
		484C43E0183EDC2B0045B399 /* MHTexture.cpp */ = {isa = PBXFileReference; fileEncoding = 4; lastKnownFileType = sourcecode.cpp.cpp; path = MHTexture.cpp; sourceTree = "<group>"; };
		484C43E1183EDC2B0045B399 /* MHTexture.h */ = {isa = PBXFileReference; fileEncoding = 4; lastKnownFileType = sourcecode.c.h; path = MHTexture.h; sourceTree = "<group>"; };
		484C43E4183EDCD80045B399 /* MHTexture+iOS.mm */ = {isa = PBXFileReference; fileEncoding = 4; lastKnownFileType = sourcecode.cpp.objcpp; path = "MHTexture+iOS.mm"; sourceTree = "<group>"; };
		484C43E7183EE77A0045B399 /* texture1.png */ = {isa = PBXFileReference; lastKnownFileType = image.png; name = texture1.png; path = Resources/texture1.png; sourceTree = "<group>"; };
		485583DF18446EDB0018F9CF /* common.h */ = {isa = PBXFileReference; lastKnownFileType = sourcecode.c.h; path = common.h; sourceTree = "<group>"; };
		485583E0184472BB0018F9CF /* common.mm */ = {isa = PBXFileReference; fileEncoding = 4; lastKnownFileType = sourcecode.cpp.objcpp; path = common.mm; sourceTree = "<group>"; };
		485583E218447D080018F9CF /* EAGLView.h */ = {isa = PBXFileReference; fileEncoding = 4; lastKnownFileType = sourcecode.c.h; path = EAGLView.h; sourceTree = "<group>"; };
		485583E318447D080018F9CF /* EAGLView.m */ = {isa = PBXFileReference; fileEncoding = 4; lastKnownFileType = sourcecode.c.objc; path = EAGLView.m; sourceTree = "<group>"; };
		485583E51844904A0018F9CF /* QuartzCore.framework */ = {isa = PBXFileReference; lastKnownFileType = wrapper.framework; name = QuartzCore.framework; path = System/Library/Frameworks/QuartzCore.framework; sourceTree = SDKROOT; };
/* End PBXFileReference section */

/* Begin PBXFrameworksBuildPhase section */
		484C439A183ED8870045B399 /* Frameworks */ = {
			isa = PBXFrameworksBuildPhase;
			buildActionMask = 2147483647;
			files = (
				485583E61844904A0018F9CF /* QuartzCore.framework in Frameworks */,
				484C43A9183ED8870045B399 /* OpenGLES.framework in Frameworks */,
				484C43A3183ED8870045B399 /* CoreGraphics.framework in Frameworks */,
				484C43A5183ED8870045B399 /* UIKit.framework in Frameworks */,
				484C43A7183ED8870045B399 /* GLKit.framework in Frameworks */,
				484C43A1183ED8870045B399 /* Foundation.framework in Frameworks */,
			);
			runOnlyForDeploymentPostprocessing = 0;
		};
		484C43C6183ED8870045B399 /* Frameworks */ = {
			isa = PBXFrameworksBuildPhase;
			buildActionMask = 2147483647;
			files = (
				484C43CB183ED8870045B399 /* XCTest.framework in Frameworks */,
				484C43CD183ED8870045B399 /* UIKit.framework in Frameworks */,
				484C43CC183ED8870045B399 /* Foundation.framework in Frameworks */,
			);
			runOnlyForDeploymentPostprocessing = 0;
		};
/* End PBXFrameworksBuildPhase section */

/* Begin PBXGroup section */
		484C4394183ED8870045B399 = {
			isa = PBXGroup;
			children = (
				484C43E6183EE6E80045B399 /* Resources */,
				484C43AA183ED8870045B399 /* WuXing */,
				484C43D0183ED8880045B399 /* WuXingTests */,
				484C439F183ED8870045B399 /* Frameworks */,
				484C439E183ED8870045B399 /* Products */,
			);
			sourceTree = "<group>";
		};
		484C439E183ED8870045B399 /* Products */ = {
			isa = PBXGroup;
			children = (
				484C439D183ED8870045B399 /* WuXing.app */,
				484C43C9183ED8870045B399 /* WuXingTests.xctest */,
			);
			name = Products;
			sourceTree = "<group>";
		};
		484C439F183ED8870045B399 /* Frameworks */ = {
			isa = PBXGroup;
			children = (
				485583E51844904A0018F9CF /* QuartzCore.framework */,
				484C43A0183ED8870045B399 /* Foundation.framework */,
				484C43A2183ED8870045B399 /* CoreGraphics.framework */,
				484C43A4183ED8870045B399 /* UIKit.framework */,
				484C43A6183ED8870045B399 /* GLKit.framework */,
				484C43A8183ED8870045B399 /* OpenGLES.framework */,
				484C43CA183ED8870045B399 /* XCTest.framework */,
			);
			name = Frameworks;
			sourceTree = "<group>";
		};
		484C43AA183ED8870045B399 /* WuXing */ = {
			isa = PBXGroup;
			children = (
				484C43B3183ED8870045B399 /* MHAppDelegate.h */,
				484C43B4183ED8870045B399 /* MHAppDelegate.m */,
				484C43B6183ED8870045B399 /* Main_iPhone.storyboard */,
				484C43B9183ED8870045B399 /* Main_iPad.storyboard */,
				484C43BC183ED8870045B399 /* Shader.fsh */,
				484C43BE183ED8870045B399 /* Shader.vsh */,
				484C43C0183ED8870045B399 /* MHViewController.h */,
				484C43C1183ED8870045B399 /* MHViewController.mm */,
				484C43C3183ED8870045B399 /* Images.xcassets */,
				484C43AB183ED8870045B399 /* Supporting Files */,
				484C43E0183EDC2B0045B399 /* MHTexture.cpp */,
				484C43E1183EDC2B0045B399 /* MHTexture.h */,
				484C43E4183EDCD80045B399 /* MHTexture+iOS.mm */,
				485583DF18446EDB0018F9CF /* common.h */,
				485583E0184472BB0018F9CF /* common.mm */,
				485583E218447D080018F9CF /* EAGLView.h */,
				485583E318447D080018F9CF /* EAGLView.m */,
			);
			path = WuXing;
			sourceTree = "<group>";
		};
		484C43AB183ED8870045B399 /* Supporting Files */ = {
			isa = PBXGroup;
			children = (
				484C43AC183ED8870045B399 /* WuXing-Info.plist */,
				484C43AD183ED8870045B399 /* InfoPlist.strings */,
				484C43B0183ED8870045B399 /* main.m */,
				484C43B2183ED8870045B399 /* WuXing-Prefix.pch */,
			);
			name = "Supporting Files";
			sourceTree = "<group>";
		};
		484C43D0183ED8880045B399 /* WuXingTests */ = {
			isa = PBXGroup;
			children = (
				484C43D6183ED8880045B399 /* WuXingTests.m */,
				484C43D1183ED8880045B399 /* Supporting Files */,
			);
			path = WuXingTests;
			sourceTree = "<group>";
		};
		484C43D1183ED8880045B399 /* Supporting Files */ = {
			isa = PBXGroup;
			children = (
				484C43D2183ED8880045B399 /* WuXingTests-Info.plist */,
				484C43D3183ED8880045B399 /* InfoPlist.strings */,
			);
			name = "Supporting Files";
			sourceTree = "<group>";
		};
		484C43E6183EE6E80045B399 /* Resources */ = {
			isa = PBXGroup;
			children = (
				484C43E7183EE77A0045B399 /* texture1.png */,
			);
			name = Resources;
			sourceTree = "<group>";
		};
/* End PBXGroup section */

/* Begin PBXNativeTarget section */
		484C439C183ED8870045B399 /* WuXing */ = {
			isa = PBXNativeTarget;
			buildConfigurationList = 484C43DA183ED8880045B399 /* Build configuration list for PBXNativeTarget "WuXing" */;
			buildPhases = (
				484C4399183ED8870045B399 /* Sources */,
				484C439A183ED8870045B399 /* Frameworks */,
				484C439B183ED8870045B399 /* Resources */,
			);
			buildRules = (
			);
			dependencies = (
			);
			name = WuXing;
			productName = WuXing;
			productReference = 484C439D183ED8870045B399 /* WuXing.app */;
			productType = "com.apple.product-type.application";
		};
		484C43C8183ED8870045B399 /* WuXingTests */ = {
			isa = PBXNativeTarget;
			buildConfigurationList = 484C43DD183ED8880045B399 /* Build configuration list for PBXNativeTarget "WuXingTests" */;
			buildPhases = (
				484C43C5183ED8870045B399 /* Sources */,
				484C43C6183ED8870045B399 /* Frameworks */,
				484C43C7183ED8870045B399 /* Resources */,
			);
			buildRules = (
			);
			dependencies = (
				484C43CF183ED8870045B399 /* PBXTargetDependency */,
			);
			name = WuXingTests;
			productName = WuXingTests;
			productReference = 484C43C9183ED8870045B399 /* WuXingTests.xctest */;
			productType = "com.apple.product-type.bundle.unit-test";
		};
/* End PBXNativeTarget section */

/* Begin PBXProject section */
		484C4395183ED8870045B399 /* Project object */ = {
			isa = PBXProject;
			attributes = {
				CLASSPREFIX = MH;
				LastUpgradeCheck = 0500;
				ORGANIZATIONNAME = "Tsuyoshi Miyano";
				TargetAttributes = {
					484C43C8183ED8870045B399 = {
						TestTargetID = 484C439C183ED8870045B399;
					};
				};
			};
			buildConfigurationList = 484C4398183ED8870045B399 /* Build configuration list for PBXProject "WuXing" */;
			compatibilityVersion = "Xcode 3.2";
			developmentRegion = English;
			hasScannedForEncodings = 0;
			knownRegions = (
				en,
				Base,
			);
			mainGroup = 484C4394183ED8870045B399;
			productRefGroup = 484C439E183ED8870045B399 /* Products */;
			projectDirPath = "";
			projectRoot = "";
			targets = (
				484C439C183ED8870045B399 /* WuXing */,
				484C43C8183ED8870045B399 /* WuXingTests */,
			);
		};
/* End PBXProject section */

/* Begin PBXResourcesBuildPhase section */
		484C439B183ED8870045B399 /* Resources */ = {
			isa = PBXResourcesBuildPhase;
			buildActionMask = 2147483647;
			files = (
				484C43E8183EE77A0045B399 /* texture1.png in Resources */,
				484C43BD183ED8870045B399 /* Shader.fsh in Resources */,
				484C43BB183ED8870045B399 /* Main_iPad.storyboard in Resources */,
				484C43B8183ED8870045B399 /* Main_iPhone.storyboard in Resources */,
				484C43C4183ED8870045B399 /* Images.xcassets in Resources */,
				484C43AF183ED8870045B399 /* InfoPlist.strings in Resources */,
				484C43BF183ED8870045B399 /* Shader.vsh in Resources */,
			);
			runOnlyForDeploymentPostprocessing = 0;
		};
		484C43C7183ED8870045B399 /* Resources */ = {
			isa = PBXResourcesBuildPhase;
			buildActionMask = 2147483647;
			files = (
				484C43D5183ED8880045B399 /* InfoPlist.strings in Resources */,
			);
			runOnlyForDeploymentPostprocessing = 0;
		};
/* End PBXResourcesBuildPhase section */

/* Begin PBXSourcesBuildPhase section */
		484C4399183ED8870045B399 /* Sources */ = {
			isa = PBXSourcesBuildPhase;
			buildActionMask = 2147483647;
			files = (
				484C43E2183EDC2B0045B399 /* MHTexture.cpp in Sources */,
				484C43E5183EDCD80045B399 /* MHTexture+iOS.mm in Sources */,
				484C43B1183ED8870045B399 /* main.m in Sources */,
				485583E418447D080018F9CF /* EAGLView.m in Sources */,
				484C43C2183ED8870045B399 /* MHViewController.mm in Sources */,
				485583E1184472BB0018F9CF /* common.mm in Sources */,
				484C43B5183ED8870045B399 /* MHAppDelegate.m in Sources */,
			);
			runOnlyForDeploymentPostprocessing = 0;
		};
		484C43C5183ED8870045B399 /* Sources */ = {
			isa = PBXSourcesBuildPhase;
			buildActionMask = 2147483647;
			files = (
				484C43D7183ED8880045B399 /* WuXingTests.m in Sources */,
			);
			runOnlyForDeploymentPostprocessing = 0;
		};
/* End PBXSourcesBuildPhase section */

/* Begin PBXTargetDependency section */
		484C43CF183ED8870045B399 /* PBXTargetDependency */ = {
			isa = PBXTargetDependency;
			target = 484C439C183ED8870045B399 /* WuXing */;
			targetProxy = 484C43CE183ED8870045B399 /* PBXContainerItemProxy */;
		};
/* End PBXTargetDependency section */

/* Begin PBXVariantGroup section */
		484C43AD183ED8870045B399 /* InfoPlist.strings */ = {
			isa = PBXVariantGroup;
			children = (
				484C43AE183ED8870045B399 /* en */,
			);
			name = InfoPlist.strings;
			sourceTree = "<group>";
		};
		484C43B6183ED8870045B399 /* Main_iPhone.storyboard */ = {
			isa = PBXVariantGroup;
			children = (
				484C43B7183ED8870045B399 /* Base */,
			);
			name = Main_iPhone.storyboard;
			sourceTree = "<group>";
		};
		484C43B9183ED8870045B399 /* Main_iPad.storyboard */ = {
			isa = PBXVariantGroup;
			children = (
				484C43BA183ED8870045B399 /* Base */,
			);
			name = Main_iPad.storyboard;
			sourceTree = "<group>";
		};
		484C43D3183ED8880045B399 /* InfoPlist.strings */ = {
			isa = PBXVariantGroup;
			children = (
				484C43D4183ED8880045B399 /* en */,
			);
			name = InfoPlist.strings;
			sourceTree = "<group>";
		};
/* End PBXVariantGroup section */

/* Begin XCBuildConfiguration section */
		484C43D8183ED8880045B399 /* Debug */ = {
			isa = XCBuildConfiguration;
			buildSettings = {
				ALWAYS_SEARCH_USER_PATHS = NO;
				ARCHS = "$(ARCHS_STANDARD_INCLUDING_64_BIT)";
				CLANG_CXX_LANGUAGE_STANDARD = "gnu++0x";
				CLANG_CXX_LIBRARY = "libc++";
				CLANG_ENABLE_MODULES = YES;
				CLANG_ENABLE_OBJC_ARC = YES;
				CLANG_WARN_BOOL_CONVERSION = YES;
				CLANG_WARN_CONSTANT_CONVERSION = YES;
				CLANG_WARN_DIRECT_OBJC_ISA_USAGE = YES_ERROR;
				CLANG_WARN_EMPTY_BODY = YES;
				CLANG_WARN_ENUM_CONVERSION = YES;
				CLANG_WARN_INT_CONVERSION = YES;
				CLANG_WARN_OBJC_ROOT_CLASS = YES_ERROR;
				CLANG_WARN__DUPLICATE_METHOD_MATCH = YES;
				"CODE_SIGN_IDENTITY[sdk=iphoneos*]" = "iPhone Developer";
				COPY_PHASE_STRIP = NO;
				GCC_C_LANGUAGE_STANDARD = gnu99;
				GCC_DYNAMIC_NO_PIC = NO;
				GCC_OPTIMIZATION_LEVEL = 0;
				GCC_PREPROCESSOR_DEFINITIONS = (
					"DEBUG=1",
					"$(inherited)",
				);
				GCC_SYMBOLS_PRIVATE_EXTERN = NO;
				GCC_WARN_64_TO_32_BIT_CONVERSION = YES;
				GCC_WARN_ABOUT_RETURN_TYPE = YES_ERROR;
				GCC_WARN_UNDECLARED_SELECTOR = YES;
				GCC_WARN_UNINITIALIZED_AUTOS = YES;
				GCC_WARN_UNUSED_FUNCTION = YES;
				GCC_WARN_UNUSED_VARIABLE = YES;
				IPHONEOS_DEPLOYMENT_TARGET = 7.0;
				ONLY_ACTIVE_ARCH = YES;
				SDKROOT = iphoneos;
				TARGETED_DEVICE_FAMILY = "1,2";
			};
			name = Debug;
		};
		484C43D9183ED8880045B399 /* Release */ = {
			isa = XCBuildConfiguration;
			buildSettings = {
				ALWAYS_SEARCH_USER_PATHS = NO;
				ARCHS = "$(ARCHS_STANDARD_INCLUDING_64_BIT)";
				CLANG_CXX_LANGUAGE_STANDARD = "gnu++0x";
				CLANG_CXX_LIBRARY = "libc++";
				CLANG_ENABLE_MODULES = YES;
				CLANG_ENABLE_OBJC_ARC = YES;
				CLANG_WARN_BOOL_CONVERSION = YES;
				CLANG_WARN_CONSTANT_CONVERSION = YES;
				CLANG_WARN_DIRECT_OBJC_ISA_USAGE = YES_ERROR;
				CLANG_WARN_EMPTY_BODY = YES;
				CLANG_WARN_ENUM_CONVERSION = YES;
				CLANG_WARN_INT_CONVERSION = YES;
				CLANG_WARN_OBJC_ROOT_CLASS = YES_ERROR;
				CLANG_WARN__DUPLICATE_METHOD_MATCH = YES;
				"CODE_SIGN_IDENTITY[sdk=iphoneos*]" = "iPhone Developer";
				COPY_PHASE_STRIP = YES;
				ENABLE_NS_ASSERTIONS = NO;
				GCC_C_LANGUAGE_STANDARD = gnu99;
				GCC_WARN_64_TO_32_BIT_CONVERSION = YES;
				GCC_WARN_ABOUT_RETURN_TYPE = YES_ERROR;
				GCC_WARN_UNDECLARED_SELECTOR = YES;
				GCC_WARN_UNINITIALIZED_AUTOS = YES;
				GCC_WARN_UNUSED_FUNCTION = YES;
				GCC_WARN_UNUSED_VARIABLE = YES;
				IPHONEOS_DEPLOYMENT_TARGET = 7.0;
				SDKROOT = iphoneos;
				TARGETED_DEVICE_FAMILY = "1,2";
				VALIDATE_PRODUCT = YES;
			};
			name = Release;
		};
		484C43DB183ED8880045B399 /* Debug */ = {
			isa = XCBuildConfiguration;
			buildSettings = {
				ASSETCATALOG_COMPILER_APPICON_NAME = AppIcon;
				ASSETCATALOG_COMPILER_LAUNCHIMAGE_NAME = LaunchImage;
				GCC_PRECOMPILE_PREFIX_HEADER = YES;
				GCC_PREFIX_HEADER = "WuXing/WuXing-Prefix.pch";
				INFOPLIST_FILE = "WuXing/WuXing-Info.plist";
				PRODUCT_NAME = "$(TARGET_NAME)";
				WRAPPER_EXTENSION = app;
			};
			name = Debug;
		};
		484C43DC183ED8880045B399 /* Release */ = {
			isa = XCBuildConfiguration;
			buildSettings = {
				ASSETCATALOG_COMPILER_APPICON_NAME = AppIcon;
				ASSETCATALOG_COMPILER_LAUNCHIMAGE_NAME = LaunchImage;
				GCC_PRECOMPILE_PREFIX_HEADER = YES;
				GCC_PREFIX_HEADER = "WuXing/WuXing-Prefix.pch";
				INFOPLIST_FILE = "WuXing/WuXing-Info.plist";
				PRODUCT_NAME = "$(TARGET_NAME)";
				WRAPPER_EXTENSION = app;
			};
			name = Release;
		};
		484C43DE183ED8880045B399 /* Debug */ = {
			isa = XCBuildConfiguration;
			buildSettings = {
				ARCHS = "$(ARCHS_STANDARD_INCLUDING_64_BIT)";
				BUNDLE_LOADER = "$(BUILT_PRODUCTS_DIR)/WuXing.app/WuXing";
				FRAMEWORK_SEARCH_PATHS = (
					"$(SDKROOT)/Developer/Library/Frameworks",
					"$(inherited)",
					"$(DEVELOPER_FRAMEWORKS_DIR)",
				);
				GCC_PRECOMPILE_PREFIX_HEADER = YES;
				GCC_PREFIX_HEADER = "WuXing/WuXing-Prefix.pch";
				GCC_PREPROCESSOR_DEFINITIONS = (
					"DEBUG=1",
					"$(inherited)",
				);
				INFOPLIST_FILE = "WuXingTests/WuXingTests-Info.plist";
				PRODUCT_NAME = "$(TARGET_NAME)";
				TEST_HOST = "$(BUNDLE_LOADER)";
				WRAPPER_EXTENSION = xctest;
			};
			name = Debug;
		};
		484C43DF183ED8880045B399 /* Release */ = {
			isa = XCBuildConfiguration;
			buildSettings = {
				ARCHS = "$(ARCHS_STANDARD_INCLUDING_64_BIT)";
				BUNDLE_LOADER = "$(BUILT_PRODUCTS_DIR)/WuXing.app/WuXing";
				FRAMEWORK_SEARCH_PATHS = (
					"$(SDKROOT)/Developer/Library/Frameworks",
					"$(inherited)",
					"$(DEVELOPER_FRAMEWORKS_DIR)",
				);
				GCC_PRECOMPILE_PREFIX_HEADER = YES;
				GCC_PREFIX_HEADER = "WuXing/WuXing-Prefix.pch";
				INFOPLIST_FILE = "WuXingTests/WuXingTests-Info.plist";
				PRODUCT_NAME = "$(TARGET_NAME)";
				TEST_HOST = "$(BUNDLE_LOADER)";
				WRAPPER_EXTENSION = xctest;
			};
			name = Release;
		};
/* End XCBuildConfiguration section */

/* Begin XCConfigurationList section */
		484C4398183ED8870045B399 /* Build configuration list for PBXProject "WuXing" */ = {
			isa = XCConfigurationList;
			buildConfigurations = (
				484C43D8183ED8880045B399 /* Debug */,
				484C43D9183ED8880045B399 /* Release */,
			);
			defaultConfigurationIsVisible = 0;
			defaultConfigurationName = Release;
		};
		484C43DA183ED8880045B399 /* Build configuration list for PBXNativeTarget "WuXing" */ = {
			isa = XCConfigurationList;
			buildConfigurations = (
				484C43DB183ED8880045B399 /* Debug */,
				484C43DC183ED8880045B399 /* Release */,
			);
			defaultConfigurationIsVisible = 0;
			defaultConfigurationName = Release;
		};
		484C43DD183ED8880045B399 /* Build configuration list for PBXNativeTarget "WuXingTests" */ = {
			isa = XCConfigurationList;
			buildConfigurations = (
				484C43DE183ED8880045B399 /* Debug */,
				484C43DF183ED8880045B399 /* Release */,
			);
			defaultConfigurationIsVisible = 0;
			defaultConfigurationName = Release;
		};
/* End XCConfigurationList section */
	};
	rootObject = 484C4395183ED8870045B399 /* Project object */;
}
